
Microsoft Visual Studio Solution File, Format Version 12.00
# Visual Studio 15
Project("{FAE04EC0-301F-11D3-BF4B-00C04F79EFBC}") = "lab6", "lab6\lab6.csproj", "{E6B7F37C-E26C-44EC-BDF6-CAE017ABBD9F}"
EndProject
Global
	GlobalSection(SolutionConfigurationPlatforms) = preSolution
		Debug|Any CPU = Debug|Any CPU
		Release|Any CPU = Release|Any CPU
	EndGlobalSection
	GlobalSection(ProjectConfigurationPlatforms) = postSolution
		{E6B7F37C-E26C-44EC-BDF6-CAE017ABBD9F}.Debug|Any CPU.ActiveCfg = Debug|Any CPU
		{E6B7F37C-E26C-44EC-BDF6-CAE017ABBD9F}.Debug|Any CPU.Build.0 = Debug|Any CPU
		{E6B7F37C-E26C-44EC-BDF6-CAE017ABBD9F}.Release|Any CPU.ActiveCfg = Release|Any CPU
		{E6B7F37C-E26C-44EC-BDF6-CAE017ABBD9F}.Release|Any CPU.Build.0 = Release|Any CPU
	EndGlobalSection
EndGlobal
