
Microsoft Visual Studio Solution File, Format Version 12.00
# Visual Studio 15
Project("{FAE04EC0-301F-11D3-BF4B-00C04F79EFBC}") = "lab6", "lab6\lab6.csproj", "{79363C1E-0040-401B-9491-B41800B9843D}"
EndProject
Global
	GlobalSection(SolutionConfigurationPlatforms) = preSolution
		Debug|Any CPU = Debug|Any CPU
		Release|Any CPU = Release|Any CPU
	EndGlobalSection
	GlobalSection(ProjectConfigurationPlatforms) = postSolution
		{79363C1E-0040-401B-9491-B41800B9843D}.Debug|Any CPU.ActiveCfg = Debug|Any CPU
		{79363C1E-0040-401B-9491-B41800B9843D}.Debug|Any CPU.Build.0 = Debug|Any CPU
		{79363C1E-0040-401B-9491-B41800B9843D}.Release|Any CPU.ActiveCfg = Release|Any CPU
		{79363C1E-0040-401B-9491-B41800B9843D}.Release|Any CPU.Build.0 = Release|Any CPU
	EndGlobalSection
EndGlobal
