
Microsoft Visual Studio Solution File, Format Version 12.00
# Visual Studio 15
Project("{FAE04EC0-301F-11D3-BF4B-00C04F79EFBC}") = "Student", "Student\Student.csproj", "{A7BCF16A-4890-4DA3-AD11-F2357C03D8FC}"
EndProject
Global
	GlobalSection(SolutionConfigurationPlatforms) = preSolution
		Debug|Any CPU = Debug|Any CPU
		Release|Any CPU = Release|Any CPU
	EndGlobalSection
	GlobalSection(ProjectConfigurationPlatforms) = postSolution
		{A7BCF16A-4890-4DA3-AD11-F2357C03D8FC}.Debug|Any CPU.ActiveCfg = Debug|Any CPU
		{A7BCF16A-4890-4DA3-AD11-F2357C03D8FC}.Debug|Any CPU.Build.0 = Debug|Any CPU
		{A7BCF16A-4890-4DA3-AD11-F2357C03D8FC}.Release|Any CPU.ActiveCfg = Release|Any CPU
		{A7BCF16A-4890-4DA3-AD11-F2357C03D8FC}.Release|Any CPU.Build.0 = Release|Any CPU
	EndGlobalSection
EndGlobal
