
Microsoft Visual Studio Solution File, Format Version 12.00
# Visual Studio 15
Project("{FAE04EC0-301F-11D3-BF4B-00C04F79EFBC}") = "Lab3", "Lab3\Lab3.csproj", "{DC6B17F5-D52A-424C-971B-3B5C93150AAB}"
EndProject
Global
	GlobalSection(SolutionConfigurationPlatforms) = preSolution
		Debug|Any CPU = Debug|Any CPU
		Release|Any CPU = Release|Any CPU
	EndGlobalSection
	GlobalSection(ProjectConfigurationPlatforms) = postSolution
		{DC6B17F5-D52A-424C-971B-3B5C93150AAB}.Debug|Any CPU.ActiveCfg = Debug|Any CPU
		{DC6B17F5-D52A-424C-971B-3B5C93150AAB}.Debug|Any CPU.Build.0 = Debug|Any CPU
		{DC6B17F5-D52A-424C-971B-3B5C93150AAB}.Release|Any CPU.ActiveCfg = Release|Any CPU
		{DC6B17F5-D52A-424C-971B-3B5C93150AAB}.Release|Any CPU.Build.0 = Release|Any CPU
	EndGlobalSection
EndGlobal
